// !$*UTF8*$!
{
	archiveVersion = 1;
	classes = {
	};
	objectVersion = 46;
	objects = {

/* Begin PBXBuildFile section */
		585A26901CDBD067002945C5 /* main.m in Sources */ = {isa = PBXBuildFile; fileRef = 585A268F1CDBD067002945C5 /* main.m */; };
		585A26981CDBD096002945C5 /* Patient.m in Sources */ = {isa = PBXBuildFile; fileRef = 585A26971CDBD096002945C5 /* Patient.m */; };
		585A269B1CDBD0A1002945C5 /* Doctor.m in Sources */ = {isa = PBXBuildFile; fileRef = 585A269A1CDBD0A1002945C5 /* Doctor.m */; };
		585A269F1CDBE749002945C5 /* Perscription.m in Sources */ = {isa = PBXBuildFile; fileRef = 585A269E1CDBE749002945C5 /* Perscription.m */; };
/* End PBXBuildFile section */

/* Begin PBXCopyFilesBuildPhase section */
		585A268A1CDBD067002945C5 /* CopyFiles */ = {
			isa = PBXCopyFilesBuildPhase;
			buildActionMask = 2147483647;
			dstPath = /usr/share/man/man1/;
			dstSubfolderSpec = 0;
			files = (
			);
			runOnlyForDeploymentPostprocessing = 1;
		};
/* End PBXCopyFilesBuildPhase section */

/* Begin PBXFileReference section */
		585A268C1CDBD067002945C5 /* Patient Doctor */ = {isa = PBXFileReference; explicitFileType = "compiled.mach-o.executable"; includeInIndex = 0; path = "Patient Doctor"; sourceTree = BUILT_PRODUCTS_DIR; };
		585A268F1CDBD067002945C5 /* main.m */ = {isa = PBXFileReference; lastKnownFileType = sourcecode.c.objc; path = main.m; sourceTree = "<group>"; };
		585A26961CDBD096002945C5 /* Patient.h */ = {isa = PBXFileReference; fileEncoding = 4; lastKnownFileType = sourcecode.c.h; path = Patient.h; sourceTree = "<group>"; };
		585A26971CDBD096002945C5 /* Patient.m */ = {isa = PBXFileReference; fileEncoding = 4; lastKnownFileType = sourcecode.c.objc; path = Patient.m; sourceTree = "<group>"; };
		585A26991CDBD0A1002945C5 /* Doctor.h */ = {isa = PBXFileReference; fileEncoding = 4; lastKnownFileType = sourcecode.c.h; path = Doctor.h; sourceTree = "<group>"; };
		585A269A1CDBD0A1002945C5 /* Doctor.m */ = {isa = PBXFileReference; fileEncoding = 4; lastKnownFileType = sourcecode.c.objc; path = Doctor.m; sourceTree = "<group>"; };
		585A269D1CDBE749002945C5 /* Perscription.h */ = {isa = PBXFileReference; fileEncoding = 4; lastKnownFileType = sourcecode.c.h; path = Perscription.h; sourceTree = "<group>"; };
		585A269E1CDBE749002945C5 /* Perscription.m */ = {isa = PBXFileReference; fileEncoding = 4; lastKnownFileType = sourcecode.c.objc; path = Perscription.m; sourceTree = "<group>"; };
/* End PBXFileReference section */

/* Begin PBXFrameworksBuildPhase section */
		585A26891CDBD067002945C5 /* Frameworks */ = {
			isa = PBXFrameworksBuildPhase;
			buildActionMask = 2147483647;
			files = (
			);
			runOnlyForDeploymentPostprocessing = 0;
		};
/* End PBXFrameworksBuildPhase section */

/* Begin PBXGroup section */
		585A26831CDBD067002945C5 = {
			isa = PBXGroup;
			children = (
				585A268E1CDBD067002945C5 /* Patient Doctor */,
				585A268D1CDBD067002945C5 /* Products */,
			);
			sourceTree = "<group>";
		};
		585A268D1CDBD067002945C5 /* Products */ = {
			isa = PBXGroup;
			children = (
				585A268C1CDBD067002945C5 /* Patient Doctor */,
			);
			name = Products;
			sourceTree = "<group>";
		};
		585A268E1CDBD067002945C5 /* Patient Doctor */ = {
			isa = PBXGroup;
			children = (
				585A268F1CDBD067002945C5 /* main.m */,
				585A26961CDBD096002945C5 /* Patient.h */,
				585A26971CDBD096002945C5 /* Patient.m */,
				585A26991CDBD0A1002945C5 /* Doctor.h */,
				585A269A1CDBD0A1002945C5 /* Doctor.m */,
				585A269D1CDBE749002945C5 /* Perscription.h */,
				585A269E1CDBE749002945C5 /* Perscription.m */,
			);
			path = "Patient Doctor";
			sourceTree = "<group>";
		};
/* End PBXGroup section */

/* Begin PBXNativeTarget section */
		585A268B1CDBD067002945C5 /* Patient Doctor */ = {
			isa = PBXNativeTarget;
			buildConfigurationList = 585A26931CDBD067002945C5 /* Build configuration list for PBXNativeTarget "Patient Doctor" */;
			buildPhases = (
				585A26881CDBD067002945C5 /* Sources */,
				585A26891CDBD067002945C5 /* Frameworks */,
				585A268A1CDBD067002945C5 /* CopyFiles */,
			);
			buildRules = (
			);
			dependencies = (
			);
			name = "Patient Doctor";
			productName = "Patient Doctor";
			productReference = 585A268C1CDBD067002945C5 /* Patient Doctor */;
			productType = "com.apple.product-type.tool";
		};
/* End PBXNativeTarget section */

/* Begin PBXProject section */
		585A26841CDBD067002945C5 /* Project object */ = {
			isa = PBXProject;
			attributes = {
				LastUpgradeCheck = 0730;
				ORGANIZATIONNAME = "Zach Smoroden";
				TargetAttributes = {
					585A268B1CDBD067002945C5 = {
						CreatedOnToolsVersion = 7.3;
					};
				};
			};
			buildConfigurationList = 585A26871CDBD067002945C5 /* Build configuration list for PBXProject "Patient Doctor" */;
			compatibilityVersion = "Xcode 3.2";
			developmentRegion = English;
			hasScannedForEncodings = 0;
			knownRegions = (
				en,
			);
			mainGroup = 585A26831CDBD067002945C5;
			productRefGroup = 585A268D1CDBD067002945C5 /* Products */;
			projectDirPath = "";
			projectRoot = "";
			targets = (
				585A268B1CDBD067002945C5 /* Patient Doctor */,
			);
		};
/* End PBXProject section */

/* Begin PBXSourcesBuildPhase section */
		585A26881CDBD067002945C5 /* Sources */ = {
			isa = PBXSourcesBuildPhase;
			buildActionMask = 2147483647;
			files = (
				585A26901CDBD067002945C5 /* main.m in Sources */,
				585A26981CDBD096002945C5 /* Patient.m in Sources */,
				585A269B1CDBD0A1002945C5 /* Doctor.m in Sources */,
				585A269F1CDBE749002945C5 /* Perscription.m in Sources */,
			);
			runOnlyForDeploymentPostprocessing = 0;
		};
/* End PBXSourcesBuildPhase section */

/* Begin XCBuildConfiguration section */
		585A26911CDBD067002945C5 /* Debug */ = {
			isa = XCBuildConfiguration;
			buildSettings = {
				ALWAYS_SEARCH_USER_PATHS = NO;
				CLANG_ANALYZER_NONNULL = YES;
				CLANG_CXX_LANGUAGE_STANDARD = "gnu++0x";
				CLANG_CXX_LIBRARY = "libc++";
				CLANG_ENABLE_MODULES = YES;
				CLANG_ENABLE_OBJC_ARC = YES;
				CLANG_WARN_BOOL_CONVERSION = YES;
				CLANG_WARN_CONSTANT_CONVERSION = YES;
				CLANG_WARN_DIRECT_OBJC_ISA_USAGE = YES_ERROR;
				CLANG_WARN_EMPTY_BODY = YES;
				CLANG_WARN_ENUM_CONVERSION = YES;
				CLANG_WARN_INT_CONVERSION = YES;
				CLANG_WARN_OBJC_ROOT_CLASS = YES_ERROR;
				CLANG_WARN_UNREACHABLE_CODE = YES;
				CLANG_WARN__DUPLICATE_METHOD_MATCH = YES;
				CODE_SIGN_IDENTITY = "-";
				COPY_PHASE_STRIP = NO;
				DEBUG_INFORMATION_FORMAT = dwarf;
				ENABLE_STRICT_OBJC_MSGSEND = YES;
				ENABLE_TESTABILITY = YES;
				GCC_C_LANGUAGE_STANDARD = gnu99;
				GCC_DYNAMIC_NO_PIC = NO;
				GCC_NO_COMMON_BLOCKS = YES;
				GCC_OPTIMIZATION_LEVEL = 0;
				GCC_PREPROCESSOR_DEFINITIONS = (
					"DEBUG=1",
					"$(inherited)",
				);
				GCC_WARN_64_TO_32_BIT_CONVERSION = YES;
				GCC_WARN_ABOUT_RETURN_TYPE = YES_ERROR;
				GCC_WARN_UNDECLARED_SELECTOR = YES;
				GCC_WARN_UNINITIALIZED_AUTOS = YES_AGGRESSIVE;
				GCC_WARN_UNUSED_FUNCTION = YES;
				GCC_WARN_UNUSED_VARIABLE = YES;
				MACOSX_DEPLOYMENT_TARGET = 10.11;
				MTL_ENABLE_DEBUG_INFO = YES;
				ONLY_ACTIVE_ARCH = YES;
				SDKROOT = macosx;
			};
			name = Debug;
		};
		585A26921CDBD067002945C5 /* Release */ = {
			isa = XCBuildConfiguration;
			buildSettings = {
				ALWAYS_SEARCH_USER_PATHS = NO;
				CLANG_ANALYZER_NONNULL = YES;
				CLANG_CXX_LANGUAGE_STANDARD = "gnu++0x";
				CLANG_CXX_LIBRARY = "libc++";
				CLANG_ENABLE_MODULES = YES;
				CLANG_ENABLE_OBJC_ARC = YES;
				CLANG_WARN_BOOL_CONVERSION = YES;
				CLANG_WARN_CONSTANT_CONVERSION = YES;
				CLANG_WARN_DIRECT_OBJC_ISA_USAGE = YES_ERROR;
				CLANG_WARN_EMPTY_BODY = YES;
				CLANG_WARN_ENUM_CONVERSION = YES;
				CLANG_WARN_INT_CONVERSION = YES;
				CLANG_WARN_OBJC_ROOT_CLASS = YES_ERROR;
				CLANG_WARN_UNREACHABLE_CODE = YES;
				CLANG_WARN__DUPLICATE_METHOD_MATCH = YES;
				CODE_SIGN_IDENTITY = "-";
				COPY_PHASE_STRIP = NO;
				DEBUG_INFORMATION_FORMAT = "dwarf-with-dsym";
				ENABLE_NS_ASSERTIONS = NO;
				ENABLE_STRICT_OBJC_MSGSEND = YES;
				GCC_C_LANGUAGE_STANDARD = gnu99;
				GCC_NO_COMMON_BLOCKS = YES;
				GCC_WARN_64_TO_32_BIT_CONVERSION = YES;
				GCC_WARN_ABOUT_RETURN_TYPE = YES_ERROR;
				GCC_WARN_UNDECLARED_SELECTOR = YES;
				GCC_WARN_UNINITIALIZED_AUTOS = YES_AGGRESSIVE;
				GCC_WARN_UNUSED_FUNCTION = YES;
				GCC_WARN_UNUSED_VARIABLE = YES;
				MACOSX_DEPLOYMENT_TARGET = 10.11;
				MTL_ENABLE_DEBUG_INFO = NO;
				SDKROOT = macosx;
			};
			name = Release;
		};
		585A26941CDBD067002945C5 /* Debug */ = {
			isa = XCBuildConfiguration;
			buildSettings = {
				PRODUCT_NAME = "$(TARGET_NAME)";
			};
			name = Debug;
		};
		585A26951CDBD067002945C5 /* Release */ = {
			isa = XCBuildConfiguration;
			buildSettings = {
				PRODUCT_NAME = "$(TARGET_NAME)";
			};
			name = Release;
		};
/* End XCBuildConfiguration section */

/* Begin XCConfigurationList section */
		585A26871CDBD067002945C5 /* Build configuration list for PBXProject "Patient Doctor" */ = {
			isa = XCConfigurationList;
			buildConfigurations = (
				585A26911CDBD067002945C5 /* Debug */,
				585A26921CDBD067002945C5 /* Release */,
			);
			defaultConfigurationIsVisible = 0;
			defaultConfigurationName = Release;
		};
		585A26931CDBD067002945C5 /* Build configuration list for PBXNativeTarget "Patient Doctor" */ = {
			isa = XCConfigurationList;
			buildConfigurations = (
				585A26941CDBD067002945C5 /* Debug */,
				585A26951CDBD067002945C5 /* Release */,
			);
			defaultConfigurationIsVisible = 0;
		};
/* End XCConfigurationList section */
	};
	rootObject = 585A26841CDBD067002945C5 /* Project object */;
}
